
Microsoft Visual Studio Solution File, Format Version 12.00
# Visual Studio Version 17
VisualStudioVersion = 17.8.34004.107
MinimumVisualStudioVersion = 10.0.40219.1
Project("{FAE04EC0-301F-11D3-BF4B-00C04F79EFBC}") = "Store", "src\Store\Store.csproj", "{2E156904-6754-43F5-8B27-9B9D6479D9FC}"
EndProject
Project("{FAE04EC0-301F-11D3-BF4B-00C04F79EFBC}") = "eShopLite.AppHost", "src\eShopLite.AppHost\eShopLite.AppHost.csproj", "{77D05E8A-3F98-4ED5-BBAF-BABB3D005C24}"
EndProject
Project("{FAE04EC0-301F-11D3-BF4B-00C04F79EFBC}") = "eShopLite.ServiceDefaults", "src\eShopLite.ServiceDefaults\eShopLite.ServiceDefaults.csproj", "{732A1149-48C0-469A-B5A3-382D8F3B8D2F}"
EndProject
Project("{FAE04EC0-301F-11D3-BF4B-00C04F79EFBC}") = "eShopLite.Api", "src\eShopLite.Api\eShopLite.Api.csproj", "{8DF9DBDA-2ACC-4397-9E24-187E536BA3B4}"
EndProject
Project("{2150E333-8FDC-42A3-9474-1A3956D46DE8}") = "tests", "tests", "{B9D99299-A3D8-463B-8FAC-9D7C0C464B33}"
EndProject
Project("{FAE04EC0-301F-11D3-BF4B-00C04F79EFBC}") = "tests", "tests\tests.csproj", "{FE4D4EDB-68A9-4E9D-B091-3D534EC4B7B1}"
EndProject
Project("{FAE04EC0-301F-11D3-BF4B-00C04F79EFBC}") = "eShopLite.Worker", "src\eShopLite.Worker\eShopLite.Worker.csproj", "{11AB97C6-B6C4-4A61-A366-9414C91AF7E0}"
EndProject
Project("{FAE04EC0-301F-11D3-BF4B-00C04F79EFBC}") = "Dapr.Workflow.Chaining", "src\Dapr.Workflow.Chaining\Dapr.Workflow.Chaining.csproj", "{AAD1E574-518C-4CCB-B25A-CA6158AFE0F7}"
EndProject
Project("{FAE04EC0-301F-11D3-BF4B-00C04F79EFBC}") = "Dapr.Workflow.AsyncApi", "src\Dapr.Workflow.AsyncApi\Dapr.Workflow.AsyncApi.csproj", "{C9EE7A28-F11A-4CC5-8164-38884A4F5341}"
EndProject
Project("{FAE04EC0-301F-11D3-BF4B-00C04F79EFBC}") = "eShopLite.Core", "src\eShopLite.Core\eShopLite.Core.csproj", "{A9B5F794-38A4-496E-8A73-B05915B79F46}"
EndProject
Project("{FAE04EC0-301F-11D3-BF4B-00C04F79EFBC}") = "eShopLite.Infrastructure", "src\eShopLite.Infrastructure\eShopLite.Infrastructure.csproj", "{F55C4623-BE4A-4081-BD18-7AFFC0FFFDC4}"
EndProject
Project("{FAE04EC0-301F-11D3-BF4B-00C04F79EFBC}") = "eShopLite.Application", "src\eShopLite.Application\eShopLite.Application.csproj", "{226BEA30-789A-4AD6-B160-A50FA7526CCE}"
EndProject
Project("{FAE04EC0-301F-11D3-BF4B-00C04F79EFBC}") = "eShopLite.Workflows", "src\eShopLite.Workflows\eShopLite.Workflows.csproj", "{387D50D5-E51B-46C9-A8B0-B8F4A3D404C7}"
EndProject
Global
	GlobalSection(SolutionConfigurationPlatforms) = preSolution
		Debug|Any CPU = Debug|Any CPU
		Release|Any CPU = Release|Any CPU
	EndGlobalSection
	GlobalSection(ProjectConfigurationPlatforms) = postSolution
		{2E156904-6754-43F5-8B27-9B9D6479D9FC}.Debug|Any CPU.ActiveCfg = Debug|Any CPU
		{2E156904-6754-43F5-8B27-9B9D6479D9FC}.Debug|Any CPU.Build.0 = Debug|Any CPU
		{2E156904-6754-43F5-8B27-9B9D6479D9FC}.Release|Any CPU.ActiveCfg = Release|Any CPU
		{2E156904-6754-43F5-8B27-9B9D6479D9FC}.Release|Any CPU.Build.0 = Release|Any CPU
		{77D05E8A-3F98-4ED5-BBAF-BABB3D005C24}.Debug|Any CPU.ActiveCfg = Debug|Any CPU
		{77D05E8A-3F98-4ED5-BBAF-BABB3D005C24}.Debug|Any CPU.Build.0 = Debug|Any CPU
		{77D05E8A-3F98-4ED5-BBAF-BABB3D005C24}.Release|Any CPU.ActiveCfg = Release|Any CPU
		{77D05E8A-3F98-4ED5-BBAF-BABB3D005C24}.Release|Any CPU.Build.0 = Release|Any CPU
		{732A1149-48C0-469A-B5A3-382D8F3B8D2F}.Debug|Any CPU.ActiveCfg = Debug|Any CPU
		{732A1149-48C0-469A-B5A3-382D8F3B8D2F}.Debug|Any CPU.Build.0 = Debug|Any CPU
		{732A1149-48C0-469A-B5A3-382D8F3B8D2F}.Release|Any CPU.ActiveCfg = Release|Any CPU
		{732A1149-48C0-469A-B5A3-382D8F3B8D2F}.Release|Any CPU.Build.0 = Release|Any CPU
		{8DF9DBDA-2ACC-4397-9E24-187E536BA3B4}.Debug|Any CPU.ActiveCfg = Debug|Any CPU
		{8DF9DBDA-2ACC-4397-9E24-187E536BA3B4}.Debug|Any CPU.Build.0 = Debug|Any CPU
		{8DF9DBDA-2ACC-4397-9E24-187E536BA3B4}.Release|Any CPU.ActiveCfg = Release|Any CPU
		{8DF9DBDA-2ACC-4397-9E24-187E536BA3B4}.Release|Any CPU.Build.0 = Release|Any CPU
		{FE4D4EDB-68A9-4E9D-B091-3D534EC4B7B1}.Debug|Any CPU.ActiveCfg = Debug|Any CPU
		{FE4D4EDB-68A9-4E9D-B091-3D534EC4B7B1}.Debug|Any CPU.Build.0 = Debug|Any CPU
		{FE4D4EDB-68A9-4E9D-B091-3D534EC4B7B1}.Release|Any CPU.ActiveCfg = Release|Any CPU
		{FE4D4EDB-68A9-4E9D-B091-3D534EC4B7B1}.Release|Any CPU.Build.0 = Release|Any CPU
		{11AB97C6-B6C4-4A61-A366-9414C91AF7E0}.Debug|Any CPU.ActiveCfg = Debug|Any CPU
		{11AB97C6-B6C4-4A61-A366-9414C91AF7E0}.Debug|Any CPU.Build.0 = Debug|Any CPU
		{11AB97C6-B6C4-4A61-A366-9414C91AF7E0}.Release|Any CPU.ActiveCfg = Release|Any CPU
		{11AB97C6-B6C4-4A61-A366-9414C91AF7E0}.Release|Any CPU.Build.0 = Release|Any CPU
		{AAD1E574-518C-4CCB-B25A-CA6158AFE0F7}.Debug|Any CPU.ActiveCfg = Debug|Any CPU
		{AAD1E574-518C-4CCB-B25A-CA6158AFE0F7}.Debug|Any CPU.Build.0 = Debug|Any CPU
		{AAD1E574-518C-4CCB-B25A-CA6158AFE0F7}.Release|Any CPU.ActiveCfg = Release|Any CPU
		{AAD1E574-518C-4CCB-B25A-CA6158AFE0F7}.Release|Any CPU.Build.0 = Release|Any CPU
		{C9EE7A28-F11A-4CC5-8164-38884A4F5341}.Debug|Any CPU.ActiveCfg = Debug|Any CPU
		{C9EE7A28-F11A-4CC5-8164-38884A4F5341}.Debug|Any CPU.Build.0 = Debug|Any CPU
		{C9EE7A28-F11A-4CC5-8164-38884A4F5341}.Release|Any CPU.ActiveCfg = Release|Any CPU
		{C9EE7A28-F11A-4CC5-8164-38884A4F5341}.Release|Any CPU.Build.0 = Release|Any CPU
		{A9B5F794-38A4-496E-8A73-B05915B79F46}.Debug|Any CPU.ActiveCfg = Debug|Any CPU
		{A9B5F794-38A4-496E-8A73-B05915B79F46}.Debug|Any CPU.Build.0 = Debug|Any CPU
		{A9B5F794-38A4-496E-8A73-B05915B79F46}.Release|Any CPU.ActiveCfg = Release|Any CPU
		{A9B5F794-38A4-496E-8A73-B05915B79F46}.Release|Any CPU.Build.0 = Release|Any CPU
		{F55C4623-BE4A-4081-BD18-7AFFC0FFFDC4}.Debug|Any CPU.ActiveCfg = Debug|Any CPU
		{F55C4623-BE4A-4081-BD18-7AFFC0FFFDC4}.Debug|Any CPU.Build.0 = Debug|Any CPU
		{F55C4623-BE4A-4081-BD18-7AFFC0FFFDC4}.Release|Any CPU.ActiveCfg = Release|Any CPU
		{F55C4623-BE4A-4081-BD18-7AFFC0FFFDC4}.Release|Any CPU.Build.0 = Release|Any CPU
		{226BEA30-789A-4AD6-B160-A50FA7526CCE}.Debug|Any CPU.ActiveCfg = Debug|Any CPU
		{226BEA30-789A-4AD6-B160-A50FA7526CCE}.Debug|Any CPU.Build.0 = Debug|Any CPU
		{226BEA30-789A-4AD6-B160-A50FA7526CCE}.Release|Any CPU.ActiveCfg = Release|Any CPU
		{226BEA30-789A-4AD6-B160-A50FA7526CCE}.Release|Any CPU.Build.0 = Release|Any CPU
		{387D50D5-E51B-46C9-A8B0-B8F4A3D404C7}.Debug|Any CPU.ActiveCfg = Debug|Any CPU
		{387D50D5-E51B-46C9-A8B0-B8F4A3D404C7}.Debug|Any CPU.Build.0 = Debug|Any CPU
		{387D50D5-E51B-46C9-A8B0-B8F4A3D404C7}.Release|Any CPU.ActiveCfg = Release|Any CPU
		{387D50D5-E51B-46C9-A8B0-B8F4A3D404C7}.Release|Any CPU.Build.0 = Release|Any CPU
	EndGlobalSection
	GlobalSection(SolutionProperties) = preSolution
		HideSolutionNode = FALSE
	EndGlobalSection
	GlobalSection(NestedProjects) = preSolution
		{FE4D4EDB-68A9-4E9D-B091-3D534EC4B7B1} = {B9D99299-A3D8-463B-8FAC-9D7C0C464B33}
	EndGlobalSection
	GlobalSection(ExtensibilityGlobals) = postSolution
		SolutionGuid = {F9C7AE25-263B-4A02-9BC0-632370BB1004}
	EndGlobalSection
EndGlobal
