
Microsoft Visual Studio Solution File, Format Version 12.00
# Visual Studio Version 17
VisualStudioVersion = 17.8.34004.107
MinimumVisualStudioVersion = 10.0.40219.1
Project("{9A19103F-16F7-4668-BE54-9A1E7A4F7556}") = "DataEntities", "src\DataEntities\DataEntities.csproj", "{E42C986A-98CA-4FBC-9F9F-88F8C7CB1603}"
EndProject
Project("{9A19103F-16F7-4668-BE54-9A1E7A4F7556}") = "Products", "src\Products\Products.csproj", "{3366FB0E-CCF3-4620-924E-F2DA34BC00F8}"
EndProject
Project("{FAE04EC0-301F-11D3-BF4B-00C04F79EFBC}") = "Store", "src\Store\Store.csproj", "{2E156904-6754-43F5-8B27-9B9D6479D9FC}"
EndProject
Project("{FAE04EC0-301F-11D3-BF4B-00C04F79EFBC}") = "eShopLite.AppHost", "src\eShopLite.AppHost\eShopLite.AppHost.csproj", "{77D05E8A-3F98-4ED5-BBAF-BABB3D005C24}"
EndProject
Project("{FAE04EC0-301F-11D3-BF4B-00C04F79EFBC}") = "eShopLite.ServiceDefaults", "src\eShopLite.ServiceDefaults\eShopLite.ServiceDefaults.csproj", "{732A1149-48C0-469A-B5A3-382D8F3B8D2F}"
EndProject
Project("{FAE04EC0-301F-11D3-BF4B-00C04F79EFBC}") = "eShopLite.Api", "src\eShopLite.Api\eShopLite.Api.csproj", "{8DF9DBDA-2ACC-4397-9E24-187E536BA3B4}"
EndProject
Project("{FAE04EC0-301F-11D3-BF4B-00C04F79EFBC}") = "Application", "src\Application\Application.csproj", "{238D787F-A603-415E-9DB2-D088A8CE63B5}"
EndProject
Project("{FAE04EC0-301F-11D3-BF4B-00C04F79EFBC}") = "Domain", "src\Domain\Domain.csproj", "{8EECC864-79CF-4445-8594-EEC184BDC419}"
EndProject
Project("{FAE04EC0-301F-11D3-BF4B-00C04F79EFBC}") = "Infrastructure", "src\Infrastructure\Infrastructure.csproj", "{ACB20EB0-0B2C-4351-8C05-82F04ABDB3AD}"
EndProject
Project("{2150E333-8FDC-42A3-9474-1A3956D46DE8}") = "tests", "tests", "{B9D99299-A3D8-463B-8FAC-9D7C0C464B33}"
EndProject
Project("{FAE04EC0-301F-11D3-BF4B-00C04F79EFBC}") = "tests", "tests\tests.csproj", "{FE4D4EDB-68A9-4E9D-B091-3D534EC4B7B1}"
EndProject
Project("{FAE04EC0-301F-11D3-BF4B-00C04F79EFBC}") = "eShopLite.Worker", "src\eShopLite.Worker\eShopLite.Worker.csproj", "{11AB97C6-B6C4-4A61-A366-9414C91AF7E0}"
EndProject
Project("{FAE04EC0-301F-11D3-BF4B-00C04F79EFBC}") = "eShop.Workflow.TaskChaining", "src\eShop.Workflow.TaskChaining\eShop.Workflow.TaskChaining.csproj", "{2B8D960C-F13D-4637-833A-D7A413735053}"
EndProject
Global
	GlobalSection(SolutionConfigurationPlatforms) = preSolution
		Debug|Any CPU = Debug|Any CPU
		Release|Any CPU = Release|Any CPU
	EndGlobalSection
	GlobalSection(ProjectConfigurationPlatforms) = postSolution
		{E42C986A-98CA-4FBC-9F9F-88F8C7CB1603}.Debug|Any CPU.ActiveCfg = Debug|Any CPU
		{E42C986A-98CA-4FBC-9F9F-88F8C7CB1603}.Debug|Any CPU.Build.0 = Debug|Any CPU
		{E42C986A-98CA-4FBC-9F9F-88F8C7CB1603}.Release|Any CPU.ActiveCfg = Release|Any CPU
		{E42C986A-98CA-4FBC-9F9F-88F8C7CB1603}.Release|Any CPU.Build.0 = Release|Any CPU
		{3366FB0E-CCF3-4620-924E-F2DA34BC00F8}.Debug|Any CPU.ActiveCfg = Debug|Any CPU
		{3366FB0E-CCF3-4620-924E-F2DA34BC00F8}.Debug|Any CPU.Build.0 = Debug|Any CPU
		{3366FB0E-CCF3-4620-924E-F2DA34BC00F8}.Release|Any CPU.ActiveCfg = Release|Any CPU
		{3366FB0E-CCF3-4620-924E-F2DA34BC00F8}.Release|Any CPU.Build.0 = Release|Any CPU
		{2E156904-6754-43F5-8B27-9B9D6479D9FC}.Debug|Any CPU.ActiveCfg = Debug|Any CPU
		{2E156904-6754-43F5-8B27-9B9D6479D9FC}.Debug|Any CPU.Build.0 = Debug|Any CPU
		{2E156904-6754-43F5-8B27-9B9D6479D9FC}.Release|Any CPU.ActiveCfg = Release|Any CPU
		{2E156904-6754-43F5-8B27-9B9D6479D9FC}.Release|Any CPU.Build.0 = Release|Any CPU
		{77D05E8A-3F98-4ED5-BBAF-BABB3D005C24}.Debug|Any CPU.ActiveCfg = Debug|Any CPU
		{77D05E8A-3F98-4ED5-BBAF-BABB3D005C24}.Debug|Any CPU.Build.0 = Debug|Any CPU
		{77D05E8A-3F98-4ED5-BBAF-BABB3D005C24}.Release|Any CPU.ActiveCfg = Release|Any CPU
		{77D05E8A-3F98-4ED5-BBAF-BABB3D005C24}.Release|Any CPU.Build.0 = Release|Any CPU
		{732A1149-48C0-469A-B5A3-382D8F3B8D2F}.Debug|Any CPU.ActiveCfg = Debug|Any CPU
		{732A1149-48C0-469A-B5A3-382D8F3B8D2F}.Debug|Any CPU.Build.0 = Debug|Any CPU
		{732A1149-48C0-469A-B5A3-382D8F3B8D2F}.Release|Any CPU.ActiveCfg = Release|Any CPU
		{732A1149-48C0-469A-B5A3-382D8F3B8D2F}.Release|Any CPU.Build.0 = Release|Any CPU
		{8DF9DBDA-2ACC-4397-9E24-187E536BA3B4}.Debug|Any CPU.ActiveCfg = Debug|Any CPU
		{8DF9DBDA-2ACC-4397-9E24-187E536BA3B4}.Debug|Any CPU.Build.0 = Debug|Any CPU
		{8DF9DBDA-2ACC-4397-9E24-187E536BA3B4}.Release|Any CPU.ActiveCfg = Release|Any CPU
		{8DF9DBDA-2ACC-4397-9E24-187E536BA3B4}.Release|Any CPU.Build.0 = Release|Any CPU
		{238D787F-A603-415E-9DB2-D088A8CE63B5}.Debug|Any CPU.ActiveCfg = Debug|Any CPU
		{238D787F-A603-415E-9DB2-D088A8CE63B5}.Debug|Any CPU.Build.0 = Debug|Any CPU
		{238D787F-A603-415E-9DB2-D088A8CE63B5}.Release|Any CPU.ActiveCfg = Release|Any CPU
		{238D787F-A603-415E-9DB2-D088A8CE63B5}.Release|Any CPU.Build.0 = Release|Any CPU
		{8EECC864-79CF-4445-8594-EEC184BDC419}.Debug|Any CPU.ActiveCfg = Debug|Any CPU
		{8EECC864-79CF-4445-8594-EEC184BDC419}.Debug|Any CPU.Build.0 = Debug|Any CPU
		{8EECC864-79CF-4445-8594-EEC184BDC419}.Release|Any CPU.ActiveCfg = Release|Any CPU
		{8EECC864-79CF-4445-8594-EEC184BDC419}.Release|Any CPU.Build.0 = Release|Any CPU
		{ACB20EB0-0B2C-4351-8C05-82F04ABDB3AD}.Debug|Any CPU.ActiveCfg = Debug|Any CPU
		{ACB20EB0-0B2C-4351-8C05-82F04ABDB3AD}.Debug|Any CPU.Build.0 = Debug|Any CPU
		{ACB20EB0-0B2C-4351-8C05-82F04ABDB3AD}.Release|Any CPU.ActiveCfg = Release|Any CPU
		{ACB20EB0-0B2C-4351-8C05-82F04ABDB3AD}.Release|Any CPU.Build.0 = Release|Any CPU
		{FE4D4EDB-68A9-4E9D-B091-3D534EC4B7B1}.Debug|Any CPU.ActiveCfg = Debug|Any CPU
		{FE4D4EDB-68A9-4E9D-B091-3D534EC4B7B1}.Debug|Any CPU.Build.0 = Debug|Any CPU
		{FE4D4EDB-68A9-4E9D-B091-3D534EC4B7B1}.Release|Any CPU.ActiveCfg = Release|Any CPU
		{FE4D4EDB-68A9-4E9D-B091-3D534EC4B7B1}.Release|Any CPU.Build.0 = Release|Any CPU
		{11AB97C6-B6C4-4A61-A366-9414C91AF7E0}.Debug|Any CPU.ActiveCfg = Debug|Any CPU
		{11AB97C6-B6C4-4A61-A366-9414C91AF7E0}.Debug|Any CPU.Build.0 = Debug|Any CPU
		{11AB97C6-B6C4-4A61-A366-9414C91AF7E0}.Release|Any CPU.ActiveCfg = Release|Any CPU
		{11AB97C6-B6C4-4A61-A366-9414C91AF7E0}.Release|Any CPU.Build.0 = Release|Any CPU
		{2B8D960C-F13D-4637-833A-D7A413735053}.Debug|Any CPU.ActiveCfg = Debug|Any CPU
		{2B8D960C-F13D-4637-833A-D7A413735053}.Debug|Any CPU.Build.0 = Debug|Any CPU
		{2B8D960C-F13D-4637-833A-D7A413735053}.Release|Any CPU.ActiveCfg = Release|Any CPU
		{2B8D960C-F13D-4637-833A-D7A413735053}.Release|Any CPU.Build.0 = Release|Any CPU
	EndGlobalSection
	GlobalSection(SolutionProperties) = preSolution
		HideSolutionNode = FALSE
	EndGlobalSection
	GlobalSection(NestedProjects) = preSolution
		{FE4D4EDB-68A9-4E9D-B091-3D534EC4B7B1} = {B9D99299-A3D8-463B-8FAC-9D7C0C464B33}
	EndGlobalSection
	GlobalSection(ExtensibilityGlobals) = postSolution
		SolutionGuid = {F9C7AE25-263B-4A02-9BC0-632370BB1004}
	EndGlobalSection
EndGlobal
